
Microsoft Visual Studio Solution File, Format Version 12.00
# Visual Studio Version 16
VisualStudioVersion = 16.0.31515.178
MinimumVisualStudioVersion = 10.0.40219.1
Project("{FAE04EC0-301F-11D3-BF4B-00C04F79EFBC}") = "DataAccessLayer", "DataAccessLayer\DataAccessLayer.csproj", "{7BC3D514-1A83-441F-A284-2A4B51EF0907}"
EndProject
Project("{FAE04EC0-301F-11D3-BF4B-00C04F79EFBC}") = "TGBot", "TGBot\TGBot.csproj", "{F23D850C-24E5-4E6A-8F24-36CC5589EE1E}"
EndProject
Global
	GlobalSection(SolutionConfigurationPlatforms) = preSolution
		Debug|Any CPU = Debug|Any CPU
		Release|Any CPU = Release|Any CPU
	EndGlobalSection
	GlobalSection(ProjectConfigurationPlatforms) = postSolution
		{7BC3D514-1A83-441F-A284-2A4B51EF0907}.Debug|Any CPU.ActiveCfg = Debug|Any CPU
		{7BC3D514-1A83-441F-A284-2A4B51EF0907}.Debug|Any CPU.Build.0 = Debug|Any CPU
		{7BC3D514-1A83-441F-A284-2A4B51EF0907}.Release|Any CPU.ActiveCfg = Release|Any CPU
		{7BC3D514-1A83-441F-A284-2A4B51EF0907}.Release|Any CPU.Build.0 = Release|Any CPU
		{F23D850C-24E5-4E6A-8F24-36CC5589EE1E}.Debug|Any CPU.ActiveCfg = Debug|Any CPU
		{F23D850C-24E5-4E6A-8F24-36CC5589EE1E}.Debug|Any CPU.Build.0 = Debug|Any CPU
		{F23D850C-24E5-4E6A-8F24-36CC5589EE1E}.Release|Any CPU.ActiveCfg = Release|Any CPU
		{F23D850C-24E5-4E6A-8F24-36CC5589EE1E}.Release|Any CPU.Build.0 = Release|Any CPU
	EndGlobalSection
	GlobalSection(SolutionProperties) = preSolution
		HideSolutionNode = FALSE
	EndGlobalSection
	GlobalSection(ExtensibilityGlobals) = postSolution
		SolutionGuid = {C645D58A-D969-406D-8916-95EA0AF8772A}
	EndGlobalSection
EndGlobal
